
Microsoft Visual Studio Solution File, Format Version 12.00
# Visual Studio Version 16
VisualStudioVersion = 16.0.29230.47
MinimumVisualStudioVersion = 10.0.40219.1
Project("{FAE04EC0-301F-11D3-BF4B-00C04F79EFBC}") = "Azure-DDNS-Updater", "Azure-DDNS-Updater\Azure-DDNS-Updater.csproj", "{8ADF54A8-82A3-4766-84F5-CD3DD059DB14}"
EndProject
Global
	GlobalSection(SolutionConfigurationPlatforms) = preSolution
		Debug|Any CPU = Debug|Any CPU
		Release|Any CPU = Release|Any CPU
	EndGlobalSection
	GlobalSection(ProjectConfigurationPlatforms) = postSolution
		{8ADF54A8-82A3-4766-84F5-CD3DD059DB14}.Debug|Any CPU.ActiveCfg = Debug|Any CPU
		{8ADF54A8-82A3-4766-84F5-CD3DD059DB14}.Debug|Any CPU.Build.0 = Debug|Any CPU
		{8ADF54A8-82A3-4766-84F5-CD3DD059DB14}.Release|Any CPU.ActiveCfg = Release|Any CPU
		{8ADF54A8-82A3-4766-84F5-CD3DD059DB14}.Release|Any CPU.Build.0 = Release|Any CPU
	EndGlobalSection
	GlobalSection(SolutionProperties) = preSolution
		HideSolutionNode = FALSE
	EndGlobalSection
	GlobalSection(ExtensibilityGlobals) = postSolution
		SolutionGuid = {FFF383A5-6246-435D-AB70-61FFF00C94FC}
	EndGlobalSection
EndGlobal
